
Microsoft Visual Studio Solution File, Format Version 12.00
# Visual Studio Version 16
VisualStudioVersion = 16.0.31410.357
MinimumVisualStudioVersion = 10.0.40219.1
Project("{FAE04EC0-301F-11D3-BF4B-00C04F79EFBC}") = "Game Pass Save Tranfer", "Game Pass Save Tranfer\Game Pass Save Tranfer.csproj", "{901AB62B-9838-41C4-85A5-6388FB5F7A38}"
EndProject
Global
	GlobalSection(SolutionConfigurationPlatforms) = preSolution
		Debug|Any CPU = Debug|Any CPU
		Release|Any CPU = Release|Any CPU
	EndGlobalSection
	GlobalSection(ProjectConfigurationPlatforms) = postSolution
		{901AB62B-9838-41C4-85A5-6388FB5F7A38}.Debug|Any CPU.ActiveCfg = Debug|Any CPU
		{901AB62B-9838-41C4-85A5-6388FB5F7A38}.Debug|Any CPU.Build.0 = Debug|Any CPU
		{901AB62B-9838-41C4-85A5-6388FB5F7A38}.Release|Any CPU.ActiveCfg = Release|Any CPU
		{901AB62B-9838-41C4-85A5-6388FB5F7A38}.Release|Any CPU.Build.0 = Release|Any CPU
	EndGlobalSection
	GlobalSection(SolutionProperties) = preSolution
		HideSolutionNode = FALSE
	EndGlobalSection
	GlobalSection(ExtensibilityGlobals) = postSolution
		SolutionGuid = {B1805258-A117-49CF-99D1-0D3149D62218}
	EndGlobalSection
EndGlobal
